# This file is automatically @generated by Cargo.
# It is not intended for manual editing.
[[package]]
name = "IpfsVerifierEnclave"
version = "1.0.0"
dependencies = [
 "cid 0.3.0 (git+https://github.com/multiformats/rust-cid.git)",
 "multihash 0.8.1-pre (git+https://github.com/multiformats/rust-multihash.git)",
 "rust-base58 0.0.4 (registry+https://github.com/rust-lang/crates.io-index)",
 "sgx_tcrypto 1.0.5 (registry+https://github.com/rust-lang/crates.io-index)",
 "sgx_tstd 1.0.5 (registry+https://github.com/rust-lang/crates.io-index)",
 "sgx_types 1.0.5 (registry+https://github.com/rust-lang/crates.io-index)",
 "sha2 0.7.1 (registry+https://github.com/rust-lang/crates.io-index)",
]

[[package]]
name = "arrayref"
version = "0.3.5"
source = "registry+https://github.com/rust-lang/crates.io-index"

[[package]]
name = "base-x"
version = "0.2.4"
source = "registry+https://github.com/rust-lang/crates.io-index"

[[package]]
name = "block-buffer"
version = "0.3.3"
source = "registry+https://github.com/rust-lang/crates.io-index"
dependencies = [
 "arrayref 0.3.5 (registry+https://github.com/rust-lang/crates.io-index)",
 "byte-tools 0.2.0 (registry+https://github.com/rust-lang/crates.io-index)",
]

[[package]]
name = "byte-tools"
version = "0.2.0"
source = "registry+https://github.com/rust-lang/crates.io-index"

[[package]]
name = "cfg-if"
version = "0.1.6"
source = "registry+https://github.com/rust-lang/crates.io-index"

[[package]]
name = "cid"
version = "0.3.0"
source = "git+https://github.com/multiformats/rust-cid.git#7802115c6fed65ae1fd798074405c7964e5e20ec"
dependencies = [
 "integer-encoding 1.0.5 (registry+https://github.com/rust-lang/crates.io-index)",
 "multibase 0.6.0 (registry+https://github.com/rust-lang/crates.io-index)",
 "multihash 0.8.0 (registry+https://github.com/rust-lang/crates.io-index)",
]

[[package]]
name = "crunchy"
version = "0.1.6"
source = "registry+https://github.com/rust-lang/crates.io-index"

[[package]]
name = "digest"
version = "0.7.6"
source = "registry+https://github.com/rust-lang/crates.io-index"
dependencies = [
 "generic-array 0.9.0 (registry+https://github.com/rust-lang/crates.io-index)",
]

[[package]]
name = "fake-simd"
version = "0.1.2"
source = "registry+https://github.com/rust-lang/crates.io-index"

[[package]]
name = "filetime"
version = "0.1.15"
source = "registry+https://github.com/rust-lang/crates.io-index"
dependencies = [
 "cfg-if 0.1.6 (registry+https://github.com/rust-lang/crates.io-index)",
 "libc 0.2.48 (registry+https://github.com/rust-lang/crates.io-index)",
 "redox_syscall 0.1.51 (registry+https://github.com/rust-lang/crates.io-index)",
]

[[package]]
name = "generic-array"
version = "0.9.0"
source = "registry+https://github.com/rust-lang/crates.io-index"
dependencies = [
 "typenum 1.10.0 (registry+https://github.com/rust-lang/crates.io-index)",
]

[[package]]
name = "integer-encoding"
version = "1.0.5"
source = "registry+https://github.com/rust-lang/crates.io-index"

[[package]]
name = "libc"
version = "0.2.48"
source = "registry+https://github.com/rust-lang/crates.io-index"

[[package]]
name = "multibase"
version = "0.6.0"
source = "registry+https://github.com/rust-lang/crates.io-index"
dependencies = [
 "base-x 0.2.4 (registry+https://github.com/rust-lang/crates.io-index)",
]

[[package]]
name = "multihash"
version = "0.8.0"
source = "registry+https://github.com/rust-lang/crates.io-index"
dependencies = [
 "sha1 0.5.0 (registry+https://github.com/rust-lang/crates.io-index)",
 "sha2 0.7.1 (registry+https://github.com/rust-lang/crates.io-index)",
 "tiny-keccak 1.4.2 (registry+https://github.com/rust-lang/crates.io-index)",
]

[[package]]
name = "multihash"
version = "0.8.1-pre"
source = "git+https://github.com/multiformats/rust-multihash.git#827ede97a854f9a7c8be5336175798a59f15111c"
dependencies = [
 "sha1 0.5.0 (registry+https://github.com/rust-lang/crates.io-index)",
 "sha2 0.7.1 (registry+https://github.com/rust-lang/crates.io-index)",
 "tiny-keccak 1.4.2 (registry+https://github.com/rust-lang/crates.io-index)",
]

[[package]]
name = "num"
version = "0.2.0"
source = "registry+https://github.com/rust-lang/crates.io-index"
dependencies = [
 "num-bigint 0.2.2 (registry+https://github.com/rust-lang/crates.io-index)",
 "num-complex 0.2.1 (registry+https://github.com/rust-lang/crates.io-index)",
 "num-integer 0.1.39 (registry+https://github.com/rust-lang/crates.io-index)",
 "num-iter 0.1.37 (registry+https://github.com/rust-lang/crates.io-index)",
 "num-rational 0.2.1 (registry+https://github.com/rust-lang/crates.io-index)",
 "num-traits 0.2.6 (registry+https://github.com/rust-lang/crates.io-index)",
]

[[package]]
name = "num-bigint"
version = "0.2.2"
source = "registry+https://github.com/rust-lang/crates.io-index"
dependencies = [
 "num-integer 0.1.39 (registry+https://github.com/rust-lang/crates.io-index)",
 "num-traits 0.2.6 (registry+https://github.com/rust-lang/crates.io-index)",
]

[[package]]
name = "num-complex"
version = "0.2.1"
source = "registry+https://github.com/rust-lang/crates.io-index"
dependencies = [
 "num-traits 0.2.6 (registry+https://github.com/rust-lang/crates.io-index)",
]

[[package]]
name = "num-integer"
version = "0.1.39"
source = "registry+https://github.com/rust-lang/crates.io-index"
dependencies = [
 "num-traits 0.2.6 (registry+https://github.com/rust-lang/crates.io-index)",
]

[[package]]
name = "num-iter"
version = "0.1.37"
source = "registry+https://github.com/rust-lang/crates.io-index"
dependencies = [
 "num-integer 0.1.39 (registry+https://github.com/rust-lang/crates.io-index)",
 "num-traits 0.2.6 (registry+https://github.com/rust-lang/crates.io-index)",
]

[[package]]
name = "num-rational"
version = "0.2.1"
source = "registry+https://github.com/rust-lang/crates.io-index"
dependencies = [
 "num-bigint 0.2.2 (registry+https://github.com/rust-lang/crates.io-index)",
 "num-integer 0.1.39 (registry+https://github.com/rust-lang/crates.io-index)",
 "num-traits 0.2.6 (registry+https://github.com/rust-lang/crates.io-index)",
]

[[package]]
name = "num-traits"
version = "0.2.6"
source = "registry+https://github.com/rust-lang/crates.io-index"

[[package]]
name = "redox_syscall"
version = "0.1.51"
source = "registry+https://github.com/rust-lang/crates.io-index"

[[package]]
name = "rust-base58"
version = "0.0.4"
source = "registry+https://github.com/rust-lang/crates.io-index"
dependencies = [
 "num 0.2.0 (registry+https://github.com/rust-lang/crates.io-index)",
]

[[package]]
name = "sgx_alloc"
version = "1.0.5"
source = "registry+https://github.com/rust-lang/crates.io-index"
dependencies = [
 "sgx_trts 1.0.5 (registry+https://github.com/rust-lang/crates.io-index)",
]

[[package]]
name = "sgx_build_helper"
version = "0.1.0"
source = "registry+https://github.com/rust-lang/crates.io-index"
dependencies = [
 "filetime 0.1.15 (registry+https://github.com/rust-lang/crates.io-index)",
]

[[package]]
name = "sgx_libc"
version = "1.0.5"
source = "registry+https://github.com/rust-lang/crates.io-index"
dependencies = [
 "sgx_types 1.0.5 (registry+https://github.com/rust-lang/crates.io-index)",
]

[[package]]
name = "sgx_tcrypto"
version = "1.0.5"
source = "registry+https://github.com/rust-lang/crates.io-index"
dependencies = [
 "sgx_types 1.0.5 (registry+https://github.com/rust-lang/crates.io-index)",
]

[[package]]
name = "sgx_tprotected_fs"
version = "1.0.5"
source = "registry+https://github.com/rust-lang/crates.io-index"
dependencies = [
 "sgx_trts 1.0.5 (registry+https://github.com/rust-lang/crates.io-index)",
 "sgx_types 1.0.5 (registry+https://github.com/rust-lang/crates.io-index)",
]

[[package]]
name = "sgx_trts"
version = "1.0.5"
source = "registry+https://github.com/rust-lang/crates.io-index"
dependencies = [
 "sgx_libc 1.0.5 (registry+https://github.com/rust-lang/crates.io-index)",
 "sgx_types 1.0.5 (registry+https://github.com/rust-lang/crates.io-index)",
]

[[package]]
name = "sgx_tstd"
version = "1.0.5"
source = "registry+https://github.com/rust-lang/crates.io-index"
dependencies = [
 "sgx_alloc 1.0.5 (registry+https://github.com/rust-lang/crates.io-index)",
 "sgx_build_helper 0.1.0 (registry+https://github.com/rust-lang/crates.io-index)",
 "sgx_libc 1.0.5 (registry+https://github.com/rust-lang/crates.io-index)",
 "sgx_tprotected_fs 1.0.5 (registry+https://github.com/rust-lang/crates.io-index)",
 "sgx_trts 1.0.5 (registry+https://github.com/rust-lang/crates.io-index)",
 "sgx_types 1.0.5 (registry+https://github.com/rust-lang/crates.io-index)",
 "sgx_unwind 0.0.3 (registry+https://github.com/rust-lang/crates.io-index)",
]

[[package]]
name = "sgx_types"
version = "1.0.5"
source = "registry+https://github.com/rust-lang/crates.io-index"

[[package]]
name = "sgx_unwind"
version = "0.0.3"
source = "registry+https://github.com/rust-lang/crates.io-index"
dependencies = [
 "sgx_trts 1.0.5 (registry+https://github.com/rust-lang/crates.io-index)",
]

[[package]]
name = "sha1"
version = "0.5.0"
source = "registry+https://github.com/rust-lang/crates.io-index"

[[package]]
name = "sha2"
version = "0.7.1"
source = "registry+https://github.com/rust-lang/crates.io-index"
dependencies = [
 "block-buffer 0.3.3 (registry+https://github.com/rust-lang/crates.io-index)",
 "byte-tools 0.2.0 (registry+https://github.com/rust-lang/crates.io-index)",
 "digest 0.7.6 (registry+https://github.com/rust-lang/crates.io-index)",
 "fake-simd 0.1.2 (registry+https://github.com/rust-lang/crates.io-index)",
]

[[package]]
name = "tiny-keccak"
version = "1.4.2"
source = "registry+https://github.com/rust-lang/crates.io-index"
dependencies = [
 "crunchy 0.1.6 (registry+https://github.com/rust-lang/crates.io-index)",
]

[[package]]
name = "typenum"
version = "1.10.0"
source = "registry+https://github.com/rust-lang/crates.io-index"

[metadata]
"checksum arrayref 0.3.5 (registry+https://github.com/rust-lang/crates.io-index)" = "0d382e583f07208808f6b1249e60848879ba3543f57c32277bf52d69c2f0f0ee"
"checksum base-x 0.2.4 (registry+https://github.com/rust-lang/crates.io-index)" = "d55aa264e822dbafa12db4d54767aff17c6ba55ea2d8559b3e17392c7d000e5d"
"checksum block-buffer 0.3.3 (registry+https://github.com/rust-lang/crates.io-index)" = "a076c298b9ecdb530ed9d967e74a6027d6a7478924520acddcddc24c1c8ab3ab"
"checksum byte-tools 0.2.0 (registry+https://github.com/rust-lang/crates.io-index)" = "560c32574a12a89ecd91f5e742165893f86e3ab98d21f8ea548658eb9eef5f40"
"checksum cfg-if 0.1.6 (registry+https://github.com/rust-lang/crates.io-index)" = "082bb9b28e00d3c9d39cc03e64ce4cea0f1bb9b3fde493f0cbc008472d22bdf4"
"checksum cid 0.3.0 (git+https://github.com/multiformats/rust-cid.git)" = "<none>"
"checksum crunchy 0.1.6 (registry+https://github.com/rust-lang/crates.io-index)" = "a2f4a431c5c9f662e1200b7c7f02c34e91361150e382089a8f2dec3ba680cbda"
"checksum digest 0.7.6 (registry+https://github.com/rust-lang/crates.io-index)" = "03b072242a8cbaf9c145665af9d250c59af3b958f83ed6824e13533cf76d5b90"
"checksum fake-simd 0.1.2 (registry+https://github.com/rust-lang/crates.io-index)" = "e88a8acf291dafb59c2d96e8f59828f3838bb1a70398823ade51a84de6a6deed"
"checksum filetime 0.1.15 (registry+https://github.com/rust-lang/crates.io-index)" = "714653f3e34871534de23771ac7b26e999651a0a228f47beb324dfdf1dd4b10f"
"checksum generic-array 0.9.0 (registry+https://github.com/rust-lang/crates.io-index)" = "ef25c5683767570c2bbd7deba372926a55eaae9982d7726ee2a1050239d45b9d"
"checksum integer-encoding 1.0.5 (registry+https://github.com/rust-lang/crates.io-index)" = "26746cbc2e680af687e88d717f20ff90079bd10fc984ad57d277cd0e37309fa5"
"checksum libc 0.2.48 (registry+https://github.com/rust-lang/crates.io-index)" = "e962c7641008ac010fa60a7dfdc1712449f29c44ef2d4702394aea943ee75047"
"checksum multibase 0.6.0 (registry+https://github.com/rust-lang/crates.io-index)" = "b9c35dac080fd6e16a99924c8dfdef0af89d797dd851adab25feaffacf7850d6"
"checksum multihash 0.8.0 (registry+https://github.com/rust-lang/crates.io-index)" = "c62469025f45dee2464ef9fc845f4683c543993792c1993e7d903c17a4546b74"
"checksum multihash 0.8.1-pre (git+https://github.com/multiformats/rust-multihash.git)" = "<none>"
"checksum num 0.2.0 (registry+https://github.com/rust-lang/crates.io-index)" = "cf4825417e1e1406b3782a8ce92f4d53f26ec055e3622e1881ca8e9f5f9e08db"
"checksum num-bigint 0.2.2 (registry+https://github.com/rust-lang/crates.io-index)" = "57450397855d951f1a41305e54851b1a7b8f5d2e349543a02a2effe25459f718"
"checksum num-complex 0.2.1 (registry+https://github.com/rust-lang/crates.io-index)" = "107b9be86cd2481930688277b675b0114578227f034674726605b8a482d8baf8"
"checksum num-integer 0.1.39 (registry+https://github.com/rust-lang/crates.io-index)" = "e83d528d2677f0518c570baf2b7abdcf0cd2d248860b68507bdcb3e91d4c0cea"
"checksum num-iter 0.1.37 (registry+https://github.com/rust-lang/crates.io-index)" = "af3fdbbc3291a5464dc57b03860ec37ca6bf915ed6ee385e7c6c052c422b2124"
"checksum num-rational 0.2.1 (registry+https://github.com/rust-lang/crates.io-index)" = "4e96f040177bb3da242b5b1ecf3f54b5d5af3efbbfb18608977a5d2767b22f10"
"checksum num-traits 0.2.6 (registry+https://github.com/rust-lang/crates.io-index)" = "0b3a5d7cc97d6d30d8b9bc8fa19bf45349ffe46241e8816f50f62f6d6aaabee1"
"checksum redox_syscall 0.1.51 (registry+https://github.com/rust-lang/crates.io-index)" = "423e376fffca3dfa06c9e9790a9ccd282fafb3cc6e6397d01dbf64f9bacc6b85"
"checksum rust-base58 0.0.4 (registry+https://github.com/rust-lang/crates.io-index)" = "b313b91fcdc6719ad41fa2dad2b7e810b03833fae4bf911950e15529a5f04439"
"checksum sgx_alloc 1.0.5 (registry+https://github.com/rust-lang/crates.io-index)" = "cc0635268dc99d479341f5a99aa6ac67a6e98b17aea9ceb6caa53f7b629cb7ac"
"checksum sgx_build_helper 0.1.0 (registry+https://github.com/rust-lang/crates.io-index)" = "ee53e3b297178bf5a3b6275015020875149e12424d7d2ec01a2f0cfcc475b878"
"checksum sgx_libc 1.0.5 (registry+https://github.com/rust-lang/crates.io-index)" = "d8c5c9ba30db56c3d066a9bfbc90600b981cf389689bf8dce53d9af5302d7eac"
"checksum sgx_tcrypto 1.0.5 (registry+https://github.com/rust-lang/crates.io-index)" = "160e9e4989c8997783634ff9a31fe97e1dd80500ecf6efee4fe2fc962ade0de9"
"checksum sgx_tprotected_fs 1.0.5 (registry+https://github.com/rust-lang/crates.io-index)" = "747a8d686d362fc4c734b320bd153b6256af73c0e6cb991e28c406262e75d4ad"
"checksum sgx_trts 1.0.5 (registry+https://github.com/rust-lang/crates.io-index)" = "06e0230fbfd322b8deb71ad887755a761bdd656944145dd610bdf9f4074c737c"
"checksum sgx_tstd 1.0.5 (registry+https://github.com/rust-lang/crates.io-index)" = "ecc7e96841c7990e9d1234d11a5349c7d7e3fb2ee71e9f9014b0345af11881ef"
"checksum sgx_types 1.0.5 (registry+https://github.com/rust-lang/crates.io-index)" = "4fbbd6ab078bf8020683bf750906ace93a0f2a9c5b1e3fc7ae0859f596db8dfd"
"checksum sgx_unwind 0.0.3 (registry+https://github.com/rust-lang/crates.io-index)" = "02106e1c1a0dc78e322eb3d3e26a70fc3c900011306ea73b1e1edb4ff75189fa"
"checksum sha1 0.5.0 (registry+https://github.com/rust-lang/crates.io-index)" = "171698ce4ec7cbb93babeb3190021b4d72e96ccb98e33d277ae4ea959d6f2d9e"
"checksum sha2 0.7.1 (registry+https://github.com/rust-lang/crates.io-index)" = "9eb6be24e4c23a84d7184280d2722f7f2731fcdd4a9d886efbfe4413e4847ea0"
"checksum tiny-keccak 1.4.2 (registry+https://github.com/rust-lang/crates.io-index)" = "e9175261fbdb60781fcd388a4d6cc7e14764a2b629a7ad94abb439aed223a44f"
"checksum typenum 1.10.0 (registry+https://github.com/rust-lang/crates.io-index)" = "612d636f949607bdf9b123b4a6f6d966dedf3ff669f7f045890d3a4a73948169"
