# This file is automatically @generated by Cargo.
# It is not intended for manual editing.
[[package]]
name = "IpfsVerifierEnclave"
version = "1.0.0"
dependencies = [
 "rust-base58 0.0.4",
 "sgx_tcrypto 1.0.5",
 "sgx_tstd 1.0.5",
 "sgx_types 1.0.5",
]

[[package]]
name = "num"
version = "0.1.40"
dependencies = [
 "num-bigint 0.2.0",
 "num-derive 0.1.41",
 "num-integer 0.1.39",
 "num-iter 0.1.34",
 "num-traits 0.2.5",
]

[[package]]
name = "num-bigint"
version = "0.2.0"
dependencies = [
 "num-integer 0.1.39",
 "num-traits 0.2.5",
 "serde 1.0.84",
 "sgx_tstd 1.0.5",
]

[[package]]
name = "num-derive"
version = "0.1.41"
dependencies = [
 "quote 0.1.4 (registry+https://github.com/rust-lang/crates.io-index)",
 "syn 0.7.1 (registry+https://github.com/rust-lang/crates.io-index)",
]

[[package]]
name = "num-integer"
version = "0.1.39"
dependencies = [
 "num-traits 0.2.5",
 "sgx_tstd 1.0.5",
]

[[package]]
name = "num-iter"
version = "0.1.34"
dependencies = [
 "num-integer 0.1.39",
 "num-traits 0.2.5",
 "sgx_tstd 1.0.5",
]

[[package]]
name = "num-traits"
version = "0.2.5"
dependencies = [
 "sgx_tstd 1.0.5",
]

[[package]]
name = "quote"
version = "0.1.4"
source = "registry+https://github.com/rust-lang/crates.io-index"

[[package]]
name = "rust-base58"
version = "0.0.4"
dependencies = [
 "num 0.1.40",
 "num-bigint 0.2.0",
 "sgx_tstd 1.0.5",
]

[[package]]
name = "serde"
version = "1.0.84"
dependencies = [
 "sgx_tstd 1.0.5",
]

[[package]]
name = "sgx_alloc"
version = "1.0.5"
dependencies = [
 "sgx_trts 1.0.5",
]

[[package]]
name = "sgx_build_helper"
version = "0.1.0"

[[package]]
name = "sgx_libc"
version = "1.0.5"
dependencies = [
 "sgx_types 1.0.5",
]

[[package]]
name = "sgx_tcrypto"
version = "1.0.5"
dependencies = [
 "sgx_types 1.0.5",
]

[[package]]
name = "sgx_tprotected_fs"
version = "1.0.5"
dependencies = [
 "sgx_trts 1.0.5",
 "sgx_types 1.0.5",
]

[[package]]
name = "sgx_trts"
version = "1.0.5"
dependencies = [
 "sgx_libc 1.0.5",
 "sgx_types 1.0.5",
]

[[package]]
name = "sgx_tstd"
version = "1.0.5"
dependencies = [
 "sgx_alloc 1.0.5",
 "sgx_build_helper 0.1.0",
 "sgx_libc 1.0.5",
 "sgx_tprotected_fs 1.0.5",
 "sgx_trts 1.0.5",
 "sgx_types 1.0.5",
 "sgx_unwind 0.0.1",
]

[[package]]
name = "sgx_types"
version = "1.0.5"

[[package]]
name = "sgx_unwind"
version = "0.0.1"
dependencies = [
 "sgx_trts 1.0.5",
]

[[package]]
name = "syn"
version = "0.7.1"
source = "registry+https://github.com/rust-lang/crates.io-index"
dependencies = [
 "quote 0.1.4 (registry+https://github.com/rust-lang/crates.io-index)",
]

[metadata]
"checksum quote 0.1.4 (registry+https://github.com/rust-lang/crates.io-index)" = "b0f1847d90ff21d41b08f7f9f8e82dff613c3e2c5ebc9f8a10aeee1a0c4d7d17"
"checksum syn 0.7.1 (registry+https://github.com/rust-lang/crates.io-index)" = "2d25c61533bd33b0badb0b96178731a19407586f8a2547753095109c142e5242"
